{
  "originHash" : "a79131c345d55ea0dae0be872e4dbe7886d7f146a12a800172d6feb3215ebb2b",
  "pins" : [
    {
      "identity" : "zipfoundation",
      "kind" : "remoteSourceControl",
      "location" : "https://github.com/weichsel/ZIPFoundation.git",
      "state" : {
        "revision" : "d3a5baac97097e40f4e2af4548ae7c19f9d5ea75",
        "version" : "0.9.1"
      }
    }
  ],
  "version" : 3
}
